{
  "name": "sticker-maker-pro",
  "version": "0.0.0",
  "lockfileVersion": 3,
  "requires": true,
  "packages": {
    "": {
      "name": "sticker-maker-pro",
      "version": "0.0.0",
      "dependencies": {
        "@google/genai": "^1.34.0",
        "lucide-react": "^0.561.0",
        "react": "^19.2.3",
        "react-dom": "^19.2.3"
      },
      "devDependencies": {
        "@playwright/test": "^1.58.2",
        "@tailwindcss/vite": "^4.2.0",
        "@testing-library/dom": "^10.4.1",
        "@testing-library/jest-dom": "^6.9.1",
        "@testing-library/react": "^16.3.2",
        "@types/node": "^22.14.0",
        "@vitejs/plugin-react": "^5.0.0",
        "@vitest/coverage-v8": "^4.0.18",
        "jsdom": "^28.1.0",
        "tailwindcss": "^4.2.0",
        "typescript": "~5.8.2",
        "vite": "^6.4.2",
        "vitest": "^4.1.5"
      },
      "engines": {
        "node": ">=20",
        "npm": ">=10 <11"
      }
    },
    "node_modules/@acemir/cssom": {
      "version": "0.9.31",
      "resolved": "https://registry.npmjs.org/@acemir/cssom/-/cssom-0.9.31.tgz",
      "integrity": "sha512-ZnR3GSaH+/vJ0YlHau21FjfLYjMpYVIzTD8M8vIEQvIGxeOXyXdzCI140rrCY862p/C/BbzWsjc1dgnM9mkoTA==",
      "dev": true,
      "license": "MIT"
    },
    "node_modules/@adobe/css-tools": {
      "version": "4.4.4",
      "resolved": "https://registry.npmjs.org/@adobe/css-tools/-/css-tools-4.4.4.tgz",
      "integrity": "sha512-Elp+iwUx5rN5+Y8xLt5/GRoG20WGoDCQ/1Fb+1LiGtvwbDavuSk0jhD/eZdckHAuzcDzccnkv+rEjyWfRx18gg==",
      "dev": true,
      "license": "MIT"
    },
    "node_modules/@asamuzakjp/css-color": {
      "version": "5.1.11",
      "resolved": "https://registry.npmjs.org/@asamuzakjp/css-color/-/css-color-5.1.11.tgz",
      "integrity": "sha512-KVw6qIiCTUQhByfTd78h2yD1/00waTmm9uy/R7Ck/ctUyAPj+AEDLkQIdJW0T8+qGgj3j5bpNKK7Q3G+LedJWg==",
      "dev": true,
      "license": "MIT",
      "dependencies": {
        "@asamuzakjp/generational-cache": "^1.0.1",
        "@csstools/css-calc": "^3.2.0",
        "@csstools/css-color-parser": "^4.1.0",
        "@csstools/css-parser-algorithms": "^4.0.0",
        "@csstools/css-tokenizer": "^4.0.0"
      },
      "engines": {
        "node": "^20.19.0 || ^22.12.0 || >=24.0.0"
      }
    },
    "node_modules/@asamuzakjp/dom-selector": {
      "version": "6.8.1",
      "resolved": "https://registry.npmjs.org/@asamuzakjp/dom-selector/-/dom-selector-6.8.1.tgz",
      "integrity": "sha512-MvRz1nCqW0fsy8Qz4dnLIvhOlMzqDVBabZx6lH+YywFDdjXhMY37SmpV1XFX3JzG5GWHn63j6HX6QPr3lZXHvQ==",
      "dev": true,
      "license": "MIT",
      "dependencies": {
        "@asamuzakjp/nwsapi": "^2.3.9",
        "bidi-js": "^1.0.3",
        "css-tree": "^3.1.0",
        "is-potential-custom-element-name": "^1.0.1",
        "lru-cache": "^11.2.6"
      }
    }
  }
}